
Microsoft Visual Studio Solution File, Format Version 12.00
# Visual Studio Version 17
VisualStudioVersion = 17.7.34031.279
MinimumVisualStudioVersion = 10.0.40219.1
Project("{FAE04EC0-301F-11D3-BF4B-00C04F79EFBC}") = "taskify", "taskify\taskify.csproj", "{C1301FE6-4943-4295-9B0E-6BE2E4ABA8C2}"
EndProject
Global
	GlobalSection(SolutionConfigurationPlatforms) = preSolution
		Debug|Any CPU = Debug|Any CPU
		Release|Any CPU = Release|Any CPU
	EndGlobalSection
	GlobalSection(ProjectConfigurationPlatforms) = postSolution
		{C1301FE6-4943-4295-9B0E-6BE2E4ABA8C2}.Debug|Any CPU.ActiveCfg = Debug|Any CPU
		{C1301FE6-4943-4295-9B0E-6BE2E4ABA8C2}.Debug|Any CPU.Build.0 = Debug|Any CPU
		{C1301FE6-4943-4295-9B0E-6BE2E4ABA8C2}.Release|Any CPU.ActiveCfg = Release|Any CPU
		{C1301FE6-4943-4295-9B0E-6BE2E4ABA8C2}.Release|Any CPU.Build.0 = Release|Any CPU
	EndGlobalSection
	GlobalSection(SolutionProperties) = preSolution
		HideSolutionNode = FALSE
	EndGlobalSection
	GlobalSection(ExtensibilityGlobals) = postSolution
		SolutionGuid = {3346EBFD-D3B4-4C08-AFF1-8497BAFACE07}
	EndGlobalSection
EndGlobal
